# THIS IS AN AUTOGENERATED FILE. DO NOT EDIT THIS FILE DIRECTLY.
# yarn lockfile v1


app-root-path@^2.0.1:
  version "2.0.1"
  resolved "https://registry.yarnpkg.com/app-root-path/-/app-root-path-2.0.1.tgz#cd62dcf8e4fd5a417efc664d2e5b10653c651b46"

project-version@^1.0.0:
  version "1.0.0"
  resolved "https://registry.yarnpkg.com/project-version/-/project-version-1.0.0.tgz#544f973d3c09a83419d71c7ffe038861b4f280f1"
  dependencies:
    app-root-path "^2.0.1"
